
Microsoft Visual Studio Solution File, Format Version 12.00
# Visual Studio Version 17
VisualStudioVersion = 17.5.33530.505
MinimumVisualStudioVersion = 10.0.40219.1
Project("{9A19103F-16F7-4668-BE54-9A1E7A4F7556}") = "ContainerVervoer Tim", "ContainerVervoer Tim\ContainerVervoer Tim.csproj", "{EB5C0F74-DBF9-45C1-A038-4E818DECE7FF}"
EndProject
Project("{FAE04EC0-301F-11D3-BF4B-00C04F79EFBC}") = "Tests Form", "Tests Form\Tests Form.csproj", "{224485B2-0B02-4E26-B34A-9EBA6DA87891}"
EndProject
Project("{FAE04EC0-301F-11D3-BF4B-00C04F79EFBC}") = "Unit Tests", "Unit Tests\Unit Tests.csproj", "{F683F6DE-E126-4054-A37B-AA45B3DB24B4}"
EndProject
Global
	GlobalSection(SolutionConfigurationPlatforms) = preSolution
		Debug|Any CPU = Debug|Any CPU
		Release|Any CPU = Release|Any CPU
	EndGlobalSection
	GlobalSection(ProjectConfigurationPlatforms) = postSolution
		{EB5C0F74-DBF9-45C1-A038-4E818DECE7FF}.Debug|Any CPU.ActiveCfg = Debug|Any CPU
		{EB5C0F74-DBF9-45C1-A038-4E818DECE7FF}.Debug|Any CPU.Build.0 = Debug|Any CPU
		{EB5C0F74-DBF9-45C1-A038-4E818DECE7FF}.Release|Any CPU.ActiveCfg = Release|Any CPU
		{EB5C0F74-DBF9-45C1-A038-4E818DECE7FF}.Release|Any CPU.Build.0 = Release|Any CPU
		{224485B2-0B02-4E26-B34A-9EBA6DA87891}.Debug|Any CPU.ActiveCfg = Debug|Any CPU
		{224485B2-0B02-4E26-B34A-9EBA6DA87891}.Debug|Any CPU.Build.0 = Debug|Any CPU
		{224485B2-0B02-4E26-B34A-9EBA6DA87891}.Release|Any CPU.ActiveCfg = Release|Any CPU
		{224485B2-0B02-4E26-B34A-9EBA6DA87891}.Release|Any CPU.Build.0 = Release|Any CPU
		{F683F6DE-E126-4054-A37B-AA45B3DB24B4}.Debug|Any CPU.ActiveCfg = Debug|Any CPU
		{F683F6DE-E126-4054-A37B-AA45B3DB24B4}.Debug|Any CPU.Build.0 = Debug|Any CPU
		{F683F6DE-E126-4054-A37B-AA45B3DB24B4}.Release|Any CPU.ActiveCfg = Release|Any CPU
		{F683F6DE-E126-4054-A37B-AA45B3DB24B4}.Release|Any CPU.Build.0 = Release|Any CPU
	EndGlobalSection
	GlobalSection(SolutionProperties) = preSolution
		HideSolutionNode = FALSE
	EndGlobalSection
	GlobalSection(ExtensibilityGlobals) = postSolution
		SolutionGuid = {8F71617D-779B-487F-B716-6CC8AD1D9FAF}
	EndGlobalSection
EndGlobal
